filippo.io/edwards25519 v1.1.0 h1:FNf4tywRC1HmFuKW5xopWpigGjJKiJSV0Cqo0cJWDaA=
filippo.io/edwards25519 v1.1.0/go.mod h1:BxyFTGdWcka3PhytdK4V28tE5sGfRvvvRV7EaN4VDT4=
github.com/cbroglie/mustache v1.4.0 h1:Azg0dVhxTml5me+7PsZ7WPrQq1Gkf3WApcHMjMprYoU=
github.com/cbroglie/mustache v1.4.0/go.mod h1:SS1FTIghy0sjse4DUVGV1k/40B1qE1XkD9DtDsHo9iM=
github.com/flowchartsman/handlebars/v3 v3.0.1 h1:16YAX2vJ2X2wgliz4QoUNyOJDLmnZ7Uldg/5w49/z3A=
github.com/flowchartsman/handlebars/v3 v3.0.1/go.mod h1:HGaRKxnZS8F2cteR3rusKeY+lI9fbnqwwesT+A3a18I=
github.com/go-sql-driver/mysql v1.9.3 h1:U/N249h2WzJ3Ukj8SowVFjdtZKfu9vlLZxjPXV1aweo=
github.com/go-sql-driver/mysql v1.9.3/go.mod h1:qn46aNg1333BRMNU69Lq93t8du/dwxI64Gl8i5p1WMU=
github.com/google/uuid v1.6.0 h1:NIvaJDMOsjHA8n1jAhLSgzrAzy1Hgr+hNrb57e+94F0=
github.com/google/uuid v1.6.0/go.mod h1:TIyPZe4MgqvfeYDBFedMoGGpEw/LqOeaOT+nhxU+yHo=
gopkg.in/check.v1 v0.0.0-20161208181325-20d25e280405/go.mod h1:Co6ibVJAznAaIkqp8huTwlJQCZ016jof/cbN4VW5Yz0=
gopkg.in/yaml.v2 v2.4.0 h1:D8xgwECY7CYvx+Y2n4sBz93Jn9JRvxdiyyo8CTfuKaY=
gopkg.in/yaml.v2 v2.4.0/go.mod h1:RDklbk79AGWmwhnvt/jBztapEOGDOx6ZbXqjP6csGnQ=
